
Microsoft Visual Studio Solution File, Format Version 12.00
# Visual Studio Version 17
VisualStudioVersion = 17.12.35728.132
MinimumVisualStudioVersion = 10.0.40219.1
Project("{FAE04EC0-301F-11D3-BF4B-00C04F79EFBC}") = "RequestHandler", "RequestHandler(CoR)\RequestHandler.csproj", "{87C4FAB8-99BC-4EC1-926C-BEF0E4F702B7}"
EndProject
Project("{FAE04EC0-301F-11D3-BF4B-00C04F79EFBC}") = "TaskScheduler", "TaskScheduler(Command)\TaskScheduler.csproj", "{BBDA72F3-5402-4424-840F-956BB8EB6B68}"
EndProject
Project("{FAE04EC0-301F-11D3-BF4B-00C04F79EFBC}") = "LibraryCatalog", "LibraryCatalog(Iterator)\LibraryCatalog.csproj", "{C095068A-1153-4347-80C5-632ADB5694F1}"
EndProject
Project("{FAE04EC0-301F-11D3-BF4B-00C04F79EFBC}") = "EventHandler", "EventHandler(Mediator)\EventHandler.csproj", "{56EF648D-ADCF-4DB5-9608-059EDDA0C164}"
EndProject
Global
	GlobalSection(SolutionConfigurationPlatforms) = preSolution
		Debug|Any CPU = Debug|Any CPU
		Release|Any CPU = Release|Any CPU
	EndGlobalSection
	GlobalSection(ProjectConfigurationPlatforms) = postSolution
		{87C4FAB8-99BC-4EC1-926C-BEF0E4F702B7}.Debug|Any CPU.ActiveCfg = Debug|Any CPU
		{87C4FAB8-99BC-4EC1-926C-BEF0E4F702B7}.Debug|Any CPU.Build.0 = Debug|Any CPU
		{87C4FAB8-99BC-4EC1-926C-BEF0E4F702B7}.Release|Any CPU.ActiveCfg = Release|Any CPU
		{87C4FAB8-99BC-4EC1-926C-BEF0E4F702B7}.Release|Any CPU.Build.0 = Release|Any CPU
		{BBDA72F3-5402-4424-840F-956BB8EB6B68}.Debug|Any CPU.ActiveCfg = Debug|Any CPU
		{BBDA72F3-5402-4424-840F-956BB8EB6B68}.Debug|Any CPU.Build.0 = Debug|Any CPU
		{BBDA72F3-5402-4424-840F-956BB8EB6B68}.Release|Any CPU.ActiveCfg = Release|Any CPU
		{BBDA72F3-5402-4424-840F-956BB8EB6B68}.Release|Any CPU.Build.0 = Release|Any CPU
		{C095068A-1153-4347-80C5-632ADB5694F1}.Debug|Any CPU.ActiveCfg = Debug|Any CPU
		{C095068A-1153-4347-80C5-632ADB5694F1}.Debug|Any CPU.Build.0 = Debug|Any CPU
		{C095068A-1153-4347-80C5-632ADB5694F1}.Release|Any CPU.ActiveCfg = Release|Any CPU
		{C095068A-1153-4347-80C5-632ADB5694F1}.Release|Any CPU.Build.0 = Release|Any CPU
		{56EF648D-ADCF-4DB5-9608-059EDDA0C164}.Debug|Any CPU.ActiveCfg = Debug|Any CPU
		{56EF648D-ADCF-4DB5-9608-059EDDA0C164}.Debug|Any CPU.Build.0 = Debug|Any CPU
		{56EF648D-ADCF-4DB5-9608-059EDDA0C164}.Release|Any CPU.ActiveCfg = Release|Any CPU
		{56EF648D-ADCF-4DB5-9608-059EDDA0C164}.Release|Any CPU.Build.0 = Release|Any CPU
	EndGlobalSection
	GlobalSection(SolutionProperties) = preSolution
		HideSolutionNode = FALSE
	EndGlobalSection
EndGlobal
